
Microsoft Visual Studio Solution File, Format Version 12.00
# Visual Studio Version 17
VisualStudioVersion = 17.7.34009.444
MinimumVisualStudioVersion = 10.0.40219.1
Project("{FAE04EC0-301F-11D3-BF4B-00C04F79EFBC}") = "Cookie_Clicker_Murat_Varen", "Cookie_Clicker_Murat_Varen\Cookie_Clicker_Murat_Varen.csproj", "{BC0905FC-EE7E-40DB-BE59-DF320DA54D2A}"
EndProject
Global
	GlobalSection(SolutionConfigurationPlatforms) = preSolution
		Debug|Any CPU = Debug|Any CPU
		Release|Any CPU = Release|Any CPU
	EndGlobalSection
	GlobalSection(ProjectConfigurationPlatforms) = postSolution
		{BC0905FC-EE7E-40DB-BE59-DF320DA54D2A}.Debug|Any CPU.ActiveCfg = Debug|Any CPU
		{BC0905FC-EE7E-40DB-BE59-DF320DA54D2A}.Debug|Any CPU.Build.0 = Debug|Any CPU
		{BC0905FC-EE7E-40DB-BE59-DF320DA54D2A}.Release|Any CPU.ActiveCfg = Release|Any CPU
		{BC0905FC-EE7E-40DB-BE59-DF320DA54D2A}.Release|Any CPU.Build.0 = Release|Any CPU
	EndGlobalSection
	GlobalSection(SolutionProperties) = preSolution
		HideSolutionNode = FALSE
	EndGlobalSection
	GlobalSection(ExtensibilityGlobals) = postSolution
		SolutionGuid = {9F2A2770-A376-4B5B-8918-A9C066734169}
	EndGlobalSection
EndGlobal
